// !$*UTF8*$!
{
	archiveVersion = 1;
	classes = {
	};
	objectVersion = 50;
	objects = {

/* Begin PBXBuildFile section */
		2A0B0C9F20CACF17009675B8 /* AbstractOperation.swift in Sources */ = {isa = PBXBuildFile; fileRef = 2A0B0C9E20CACF17009675B8 /* AbstractOperation.swift */; };
		2A0B0CA120CACF94009675B8 /* ImageUploadManager.swift in Sources */ = {isa = PBXBuildFile; fileRef = 2A0B0CA020CACF94009675B8 /* ImageUploadManager.swift */; };
		2A0B0CA520CB3665009675B8 /* UploadImageOperation.swift in Sources */ = {isa = PBXBuildFile; fileRef = 2A0B0CA420CB3665009675B8 /* UploadImageOperation.swift */; };
		2A0B0CA720CD9C52009675B8 /* Car.swift in Sources */ = {isa = PBXBuildFile; fileRef = 2A0B0CA620CD9C52009675B8 /* Car.swift */; };
		2A0F047620EAA5A300AC6827 /* BaseViewController.swift in Sources */ = {isa = PBXBuildFile; fileRef = 2A0F047420EAA5A200AC6827 /* BaseViewController.swift */; };
		2A0F047720EAA5A300AC6827 /* MenuViewController.swift in Sources */ = {isa = PBXBuildFile; fileRef = 2A0F047520EAA5A300AC6827 /* MenuViewController.swift */; };
		2A0F047B20EAA89000AC6827 /* BViewController.swift in Sources */ = {isa = PBXBuildFile; fileRef = 2A0F047A20EAA89000AC6827 /* BViewController.swift */; };
		2A0F048520EAE36500AC6827 /* SWRevealViewController.m in Sources */ = {isa = PBXBuildFile; fileRef = 2A0F048320EAE36400AC6827 /* SWRevealViewController.m */; };
		2A0F048A20ED476E00AC6827 /* CollectionViewCell.swift in Sources */ = {isa = PBXBuildFile; fileRef = 2A0F048920ED476E00AC6827 /* CollectionViewCell.swift */; };
		2A0F049020ED5C7A00AC6827 /* GridLayout.swift in Sources */ = {isa = PBXBuildFile; fileRef = 2A0F048F20ED5C7900AC6827 /* GridLayout.swift */; };
		2A2F226E20C2622000D05D01 /* UploadPresenter.swift in Sources */ = {isa = PBXBuildFile; fileRef = 2A2F226D20C2622000D05D01 /* UploadPresenter.swift */; };
		2A2F227420C269C100D05D01 /* UploadimageCell.swift in Sources */ = {isa = PBXBuildFile; fileRef = 2A2F227320C269C100D05D01 /* UploadimageCell.swift */; };
		2A2F227620C48B8700D05D01 /* CustomImageFlowLayout.swift in Sources */ = {isa = PBXBuildFile; fileRef = 2A2F227520C48B8700D05D01 /* CustomImageFlowLayout.swift */; };
		2A2F227A20C4B47E00D05D01 /* EditGalleryVC.swift in Sources */ = {isa = PBXBuildFile; fileRef = 2A2F227920C4B47E00D05D01 /* EditGalleryVC.swift */; };
		2A2F227C20C4B5A400D05D01 /* SelectImageVC.swift in Sources */ = {isa = PBXBuildFile; fileRef = 2A2F227B20C4B5A400D05D01 /* SelectImageVC.swift */; };
		2A2F227E20C4C35C00D05D01 /* UploadImagePresenter.swift in Sources */ = {isa = PBXBuildFile; fileRef = 2A2F227D20C4C35C00D05D01 /* UploadImagePresenter.swift */; };
		2A31E1E0207BC769006CFF24 /* AppDelegate.swift in Sources */ = {isa = PBXBuildFile; fileRef = 2A31E1DF207BC769006CFF24 /* AppDelegate.swift */; };
		2A31E1E2207BC769006CFF24 /* ViewController.swift in Sources */ = {isa = PBXBuildFile; fileRef = 2A31E1E1207BC769006CFF24 /* ViewController.swift */; };
		2A31E1E5207BC769006CFF24 /* Main.storyboard in Resources */ = {isa = PBXBuildFile; fileRef = 2A31E1E3207BC769006CFF24 /* Main.storyboard */; };
		2A31E1E7207BC76A006CFF24 /* Assets.xcassets in Resources */ = {isa = PBXBuildFile; fileRef = 2A31E1E6207BC76A006CFF24 /* Assets.xcassets */; };
		2A31E1EA207BC76A006CFF24 /* LaunchScreen.storyboard in Resources */ = {isa = PBXBuildFile; fileRef = 2A31E1E8207BC76A006CFF24 /* LaunchScreen.storyboard */; };
		2A31E1F6207BD0DE006CFF24 /* SignInVC.swift in Sources */ = {isa = PBXBuildFile; fileRef = 2A31E1F5207BD0DE006CFF24 /* SignInVC.swift */; };
		2A31E1F8207BD0F7006CFF24 /* SignUpVC.swift in Sources */ = {isa = PBXBuildFile; fileRef = 2A31E1F7207BD0F7006CFF24 /* SignUpVC.swift */; };
		2A40224020B6BEB0001F2F38 /* EditProfile.swift in Sources */ = {isa = PBXBuildFile; fileRef = 2A40223F20B6BEB0001F2F38 /* EditProfile.swift */; };
		2A42585F20BBC3B8006B0146 /* CoreLocation.framework in Frameworks */ = {isa = PBXBuildFile; fileRef = 2A42585E20BBC3B8006B0146 /* CoreLocation.framework */; };
		2A4A4B1C20826AAC0069D5C6 /* PairWithVC.swift in Sources */ = {isa = PBXBuildFile; fileRef = 2A4A4B1B20826AAC0069D5C6 /* PairWithVC.swift */; };
		2A4A4B2020826BF70069D5C6 /* HomePageVC.swift in Sources */ = {isa = PBXBuildFile; fileRef = 2A4A4B1F20826BF70069D5C6 /* HomePageVC.swift */; };
		2A4D91E320A9E58B0018A3D1 /* Service.swift in Sources */ = {isa = PBXBuildFile; fileRef = 2A4D91E220A9E58A0018A3D1 /* Service.swift */; };
		2A5B22032164075600C9F6C2 /* OHCircleSegue.swift in Sources */ = {isa = PBXBuildFile; fileRef = 2A5B22022164075600C9F6C2 /* OHCircleSegue.swift */; };
		2A5C391A2147A11E0094E5EB /* GoogleService-Info.plist in Resources */ = {isa = PBXBuildFile; fileRef = 2A5C39192147A11E0094E5EB /* GoogleService-Info.plist */; };
		2A6789D1208987C1003FAAA9 /* AlertController.swift in Sources */ = {isa = PBXBuildFile; fileRef = 2A6789D0208987C1003FAAA9 /* AlertController.swift */; };
		2A78E439214C6D0A00FE0728 /* FilterButtons.swift in Sources */ = {isa = PBXBuildFile; fileRef = 2A78E438214C6D0A00FE0728 /* FilterButtons.swift */; };
		2A78E43B214C6DDE00FE0728 /* Constants.swift in Sources */ = {isa = PBXBuildFile; fileRef = 2A78E43A214C6DDE00FE0728 /* Constants.swift */; };
		2A78E43D214C74F500FE0728 /* FilterButton02.swift in Sources */ = {isa = PBXBuildFile; fileRef = 2A78E43C214C74F500FE0728 /* FilterButton02.swift */; };
		2A78E43F214C750300FE0728 /* FilterButton03.swift in Sources */ = {isa = PBXBuildFile; fileRef = 2A78E43E214C750300FE0728 /* FilterButton03.swift */; };
		2A78E441214C751B00FE0728 /* FilterButton04.swift in Sources */ = {isa = PBXBuildFile; fileRef = 2A78E440214C751B00FE0728 /* FilterButton04.swift */; };
		2A78E443214C752600FE0728 /* FilterButton05.swift in Sources */ = {isa = PBXBuildFile; fileRef = 2A78E442214C752600FE0728 /* FilterButton05.swift */; };
		2A78E445214C753300FE0728 /* FilterButton06.swift in Sources */ = {isa = PBXBuildFile; fileRef = 2A78E444214C753300FE0728 /* FilterButton06.swift */; };
		2A78E447214C754300FE0728 /* FilterButton07.swift in Sources */ = {isa = PBXBuildFile; fileRef = 2A78E446214C754300FE0728 /* FilterButton07.swift */; };
		2A78E449214C755800FE0728 /* FilterButton08.swift in Sources */ = {isa = PBXBuildFile; fileRef = 2A78E448214C755800FE0728 /* FilterButton08.swift */; };
		2A78E44B214C756400FE0728 /* FilterButton09.swift in Sources */ = {isa = PBXBuildFile; fileRef = 2A78E44A214C756400FE0728 /* FilterButton09.swift */; };
		2A78E44F214C8EAE00FE0728 /* FiltersVC.swift in Sources */ = {isa = PBXBuildFile; fileRef = 2A78E44E214C8EAE00FE0728 /* FiltersVC.swift */; };
		2A89ACFE2094F00500B7485F /* openingVC.swift in Sources */ = {isa = PBXBuildFile; fileRef = 2A89ACFD2094F00500B7485F /* openingVC.swift */; };
		2AC47CAD20F2C22200CA5B4D /* SegmentedProgressBar.swift in Sources */ = {isa = PBXBuildFile; fileRef = 2AC47CAB20F2C22200CA5B4D /* SegmentedProgressBar.swift */; };
		2AC47CB120F2CB1400CA5B4D /* PreViewController.swift in Sources */ = {isa = PBXBuildFile; fileRef = 2AC47CAF20F2CB1400CA5B4D /* PreViewController.swift */; };
		2AC47CB220F2CB1400CA5B4D /* ContentViewController.swift in Sources */ = {isa = PBXBuildFile; fileRef = 2AC47CB020F2CB1400CA5B4D /* ContentViewController.swift */; };
		2AC47CB720F2CB2400CA5B4D /* output.mp4 in Resources */ = {isa = PBXBuildFile; fileRef = 2AC47CB420F2CB2400CA5B4D /* output.mp4 */; };
		2AC47CB820F2CB2400CA5B4D /* output3.mp4 in Resources */ = {isa = PBXBuildFile; fileRef = 2AC47CB520F2CB2400CA5B4D /* output3.mp4 */; };
		2AC47CB920F2CB2400CA5B4D /* output2.mp4 in Resources */ = {isa = PBXBuildFile; fileRef = 2AC47CB620F2CB2400CA5B4D /* output2.mp4 */; };
		2AC817E8215EB6EF00A02A3B /* MapKit.framework in Frameworks */ = {isa = PBXBuildFile; fileRef = 2AC817E7215EB6EF00A02A3B /* MapKit.framework */; };
		2AD953082166B0E400DACDC0 /* selectUserTypeVC.swift in Sources */ = {isa = PBXBuildFile; fileRef = 2AD953072166B0E400DACDC0 /* selectUserTypeVC.swift */; };
		2AD9530E2167B6F300DACDC0 /* SettingsVC.swift in Sources */ = {isa = PBXBuildFile; fileRef = 2AD9530D2167B6F300DACDC0 /* SettingsVC.swift */; };
		2AD953102167B70D00DACDC0 /* GetHelpVC.swift in Sources */ = {isa = PBXBuildFile; fileRef = 2AD9530F2167B70D00DACDC0 /* GetHelpVC.swift */; };
		2AD953122167BACE00DACDC0 /* NewUpdateVC.swift in Sources */ = {isa = PBXBuildFile; fileRef = 2AD953112167BACE00DACDC0 /* NewUpdateVC.swift */; };
		2AD953142167BAF200DACDC0 /* NewSelectImagesVC.swift in Sources */ = {isa = PBXBuildFile; fileRef = 2AD953132167BAF200DACDC0 /* NewSelectImagesVC.swift */; };
		2AD953162167BCAC00DACDC0 /* NewUploadPresenter.swift in Sources */ = {isa = PBXBuildFile; fileRef = 2AD953152167BCAC00DACDC0 /* NewUploadPresenter.swift */; };
		2AEDED6F213F73FF00D03B1F /* CTBottomSlideController.swift in Sources */ = {isa = PBXBuildFile; fileRef = 2AEDED6C213F73FF00D03B1F /* CTBottomSlideController.swift */; };
		2AEDED70213F73FF00D03B1F /* CTBottomSlideTableDelegate.swift in Sources */ = {isa = PBXBuildFile; fileRef = 2AEDED6D213F73FF00D03B1F /* CTBottomSlideTableDelegate.swift */; };
		2AEDED71213F73FF00D03B1F /* CTPanGestureRecognizerExtension.swift in Sources */ = {isa = PBXBuildFile; fileRef = 2AEDED6E213F73FF00D03B1F /* CTPanGestureRecognizerExtension.swift */; };
		2AEDED73213FEAAB00D03B1F /* TSSlidingUpPanelManager.swift in Sources */ = {isa = PBXBuildFile; fileRef = 2AEDED72213FEAAB00D03B1F /* TSSlidingUpPanelManager.swift */; };
		2AEDED752142485200D03B1F /* PopUpVC.swift in Sources */ = {isa = PBXBuildFile; fileRef = 2AEDED742142485200D03B1F /* PopUpVC.swift */; };
		2AEED8F3213B10590082B110 /* UpdateVC.swift in Sources */ = {isa = PBXBuildFile; fileRef = 2AEED8F2213B10590082B110 /* UpdateVC.swift */; };
		2AEED8F5213C87AF0082B110 /* UserModel.swift in Sources */ = {isa = PBXBuildFile; fileRef = 2AEED8F4213C87AF0082B110 /* UserModel.swift */; };
		2AEED8F7213C87BA0082B110 /* User.swift in Sources */ = {isa = PBXBuildFile; fileRef = 2AEED8F6213C87BA0082B110 /* User.swift */; };
		2AEED8F9213C87C60082B110 /* StorageService.swift in Sources */ = {isa = PBXBuildFile; fileRef = 2AEED8F8213C87C60082B110 /* StorageService.swift */; };
		2AEED8FB213C87D30082B110 /* Message.swift in Sources */ = {isa = PBXBuildFile; fileRef = 2AEED8FA213C87D30082B110 /* Message.swift */; };
		2AEED8FD213C88100082B110 /* Helper.swift in Sources */ = {isa = PBXBuildFile; fileRef = 2AEED8FC213C88100082B110 /* Helper.swift */; };
		2AEED8FF213C881B0082B110 /* Extensions.swift in Sources */ = {isa = PBXBuildFile; fileRef = 2AEED8FE213C881B0082B110 /* Extensions.swift */; };
		2AEED901213C88270082B110 /* DBService.swift in Sources */ = {isa = PBXBuildFile; fileRef = 2AEED900213C88270082B110 /* DBService.swift */; };
		2AEED903213C88350082B110 /* ChatMessageCell.swift in Sources */ = {isa = PBXBuildFile; fileRef = 2AEED902213C88350082B110 /* ChatMessageCell.swift */; };
		2AEED905213CD4590082B110 /* MsgTableViewController.swift in Sources */ = {isa = PBXBuildFile; fileRef = 2AEED904213CD4590082B110 /* MsgTableViewController.swift */; };
		2AEED90A213CD4710082B110 /* NewMatchCollectionViewCell.swift in Sources */ = {isa = PBXBuildFile; fileRef = 2AEED907213CD4710082B110 /* NewMatchCollectionViewCell.swift */; };
		2AEED90B213CD4710082B110 /* NewMatchTableViewCell.swift in Sources */ = {isa = PBXBuildFile; fileRef = 2AEED908213CD4710082B110 /* NewMatchTableViewCell.swift */; };
		2AEED90C213CD4710082B110 /* NewMatchVC.swift in Sources */ = {isa = PBXBuildFile; fileRef = 2AEED909213CD4710082B110 /* NewMatchVC.swift */; };
		2AF4D9672092579A005D3C66 /* chooseusertypeVC.swift in Sources */ = {isa = PBXBuildFile; fileRef = 2AF4D9662092579A005D3C66 /* chooseusertypeVC.swift */; };
		FFDD85588F312A161005339E /* Pods_pholio01.framework in Frameworks */ = {isa = PBXBuildFile; fileRef = 2F49E4E484B4A53584B7ECEC /* Pods_pholio01.framework */; };
/* End PBXBuildFile section */

/* Begin PBXFileReference section */
		1CEF13C22DFFD79208D49E43 /* Pods-pholio01.release.xcconfig */ = {isa = PBXFileReference; includeInIndex = 1; lastKnownFileType = text.xcconfig; name = "Pods-pholio01.release.xcconfig"; path = "Pods/Target Support Files/Pods-pholio01/Pods-pholio01.release.xcconfig"; sourceTree = "<group>"; };
		2A0B0C9E20CACF17009675B8 /* AbstractOperation.swift */ = {isa = PBXFileReference; lastKnownFileType = sourcecode.swift; path = AbstractOperation.swift; sourceTree = "<group>"; };
		2A0B0CA020CACF94009675B8 /* ImageUploadManager.swift */ = {isa = PBXFileReference; lastKnownFileType = sourcecode.swift; path = ImageUploadManager.swift; sourceTree = "<group>"; };
		2A0B0CA420CB3665009675B8 /* UploadImageOperation.swift */ = {isa = PBXFileReference; lastKnownFileType = sourcecode.swift; path = UploadImageOperation.swift; sourceTree = "<group>"; };
		2A0B0CA620CD9C52009675B8 /* Car.swift */ = {isa = PBXFileReference; lastKnownFileType = sourcecode.swift; path = Car.swift; sourceTree = "<group>"; };
		2A0F047420EAA5A200AC6827 /* BaseViewController.swift */ = {isa = PBXFileReference; fileEncoding = 4; lastKnownFileType = sourcecode.swift; path = BaseViewController.swift; sourceTree = "<group>"; };
		2A0F047520EAA5A300AC6827 /* MenuViewController.swift */ = {isa = PBXFileReference; fileEncoding = 4; lastKnownFileType = sourcecode.swift; path = MenuViewController.swift; sourceTree = "<group>"; };
		2A0F047A20EAA89000AC6827 /* BViewController.swift */ = {isa = PBXFileReference; lastKnownFileType = sourcecode.swift; path = BViewController.swift; sourceTree = "<group>"; };
		2A0F047F20EAE2F500AC6827 /* pholio01-Bridging-Header.h */ = {isa = PBXFileReference; lastKnownFileType = sourcecode.c.h; path = "pholio01-Bridging-Header.h"; sourceTree = "<group>"; };
		2A0F048320EAE36400AC6827 /* SWRevealViewController.m */ = {isa = PBXFileReference; fileEncoding = 4; lastKnownFileType = sourcecode.c.objc; path = SWRevealViewController.m; sourceTree = "<group>"; };
		2A0F048420EAE36500AC6827 /* SWRevealViewController.h */ = {isa = PBXFileReference; fileEncoding = 4; lastKnownFileType = sourcecode.c.h; path = SWRevealViewController.h; sourceTree = "<group>"; };
		2A0F048920ED476E00AC6827 /* CollectionViewCell.swift */ = {isa = PBXFileReference; lastKnownFileType = sourcecode.swift; path = CollectionViewCell.swift; sourceTree = "<group>"; };
		2A0F048F20ED5C7900AC6827 /* GridLayout.swift */ = {isa = PBXFileReference; fileEncoding = 4; lastKnownFileType = sourcecode.swift; path = GridLayout.swift; sourceTree = "<group>"; };
		2A2F226D20C2622000D05D01 /* UploadPresenter.swift */ = {isa = PBXFileReference; lastKnownFileType = sourcecode.swift; path = UploadPresenter.swift; sourceTree = "<group>"; };
		2A2F227320C269C100D05D01 /* UploadimageCell.swift */ = {isa = PBXFileReference; lastKnownFileType = sourcecode.swift; path = UploadimageCell.swift; sourceTree = "<group>"; };
		2A2F227520C48B8700D05D01 /* CustomImageFlowLayout.swift */ = {isa = PBXFileReference; lastKnownFileType = sourcecode.swift; path = CustomImageFlowLayout.swift; sourceTree = "<group>"; };
		2A2F227920C4B47E00D05D01 /* EditGalleryVC.swift */ = {isa = PBXFileReference; lastKnownFileType = sourcecode.swift; path = EditGalleryVC.swift; sourceTree = "<group>"; };
		2A2F227B20C4B5A400D05D01 /* SelectImageVC.swift */ = {isa = PBXFileReference; lastKnownFileType = sourcecode.swift; path = SelectImageVC.swift; sourceTree = "<group>"; };
		2A2F227D20C4C35C00D05D01 /* UploadImagePresenter.swift */ = {isa = PBXFileReference; lastKnownFileType = sourcecode.swift; path = UploadImagePresenter.swift; sourceTree = "<group>"; };
		2A31E1DC207BC769006CFF24 /* pholio01.app */ = {isa = PBXFileReference; explicitFileType = wrapper.application; includeInIndex = 0; path = pholio01.app; sourceTree = BUILT_PRODUCTS_DIR; };
		2A31E1DF207BC769006CFF24 /* AppDelegate.swift */ = {isa = PBXFileReference; lastKnownFileType = sourcecode.swift; path = AppDelegate.swift; sourceTree = "<group>"; };
		2A31E1E1207BC769006CFF24 /* ViewController.swift */ = {isa = PBXFileReference; lastKnownFileType = sourcecode.swift; path = ViewController.swift; sourceTree = "<group>"; };
		2A31E1E4207BC769006CFF24 /* Base */ = {isa = PBXFileReference; lastKnownFileType = file.storyboard; name = Base; path = Base.lproj/Main.storyboard; sourceTree = "<group>"; };
		2A31E1E6207BC76A006CFF24 /* Assets.xcassets */ = {isa = PBXFileReference; lastKnownFileType = folder.assetcatalog; path = Assets.xcassets; sourceTree = "<group>"; };
		2A31E1E9207BC76A006CFF24 /* Base */ = {isa = PBXFileReference; lastKnownFileType = file.storyboard; name = Base; path = Base.lproj/LaunchScreen.storyboard; sourceTree = "<group>"; };
		2A31E1EB207BC76A006CFF24 /* Info.plist */ = {isa = PBXFileReference; lastKnownFileType = text.plist.xml; path = Info.plist; sourceTree = "<group>"; };
		2A31E1F5207BD0DE006CFF24 /* SignInVC.swift */ = {isa = PBXFileReference; lastKnownFileType = sourcecode.swift; path = SignInVC.swift; sourceTree = "<group>"; };
		2A31E1F7207BD0F7006CFF24 /* SignUpVC.swift */ = {isa = PBXFileReference; lastKnownFileType = sourcecode.swift; path = SignUpVC.swift; sourceTree = "<group>"; };
		2A3F6CB9208ED07C001DD794 /* en */ = {isa = PBXFileReference; lastKnownFileType = text.plist.strings; name = en; path = en.lproj/Main.strings; sourceTree = "<group>"; };
		2A40223F20B6BEB0001F2F38 /* EditProfile.swift */ = {isa = PBXFileReference; lastKnownFileType = sourcecode.swift; path = EditProfile.swift; sourceTree = "<group>"; };
		2A42585E20BBC3B8006B0146 /* CoreLocation.framework */ = {isa = PBXFileReference; lastKnownFileType = wrapper.framework; name = CoreLocation.framework; path = System/Library/Frameworks/CoreLocation.framework; sourceTree = SDKROOT; };
		2A4A4B1B20826AAC0069D5C6 /* PairWithVC.swift */ = {isa = PBXFileReference; lastKnownFileType = sourcecode.swift; path = PairWithVC.swift; sourceTree = "<group>"; };
		2A4A4B1F20826BF70069D5C6 /* HomePageVC.swift */ = {isa = PBXFileReference; lastKnownFileType = sourcecode.swift; path = HomePageVC.swift; sourceTree = "<group>"; };
		2A4D91E220A9E58A0018A3D1 /* Service.swift */ = {isa = PBXFileReference; lastKnownFileType = sourcecode.swift; path = Service.swift; sourceTree = "<group>"; };
		2A5B22022164075600C9F6C2 /* OHCircleSegue.swift */ = {isa = PBXFileReference; fileEncoding = 4; lastKnownFileType = sourcecode.swift; path = OHCircleSegue.swift; sourceTree = "<group>"; };
		2A5C39192147A11E0094E5EB /* GoogleService-Info.plist */ = {isa = PBXFileReference; fileEncoding = 4; lastKnownFileType = text.plist.xml; path = "GoogleService-Info.plist"; sourceTree = "<group>"; };
		2A6789D0208987C1003FAAA9 /* AlertController.swift */ = {isa = PBXFileReference; lastKnownFileType = sourcecode.swift; path = AlertController.swift; sourceTree = "<group>"; };
		2A78E438214C6D0A00FE0728 /* FilterButtons.swift */ = {isa = PBXFileReference; lastKnownFileType = sourcecode.swift; path = FilterButtons.swift; sourceTree = "<group>"; };
		2A78E43A214C6DDE00FE0728 /* Constants.swift */ = {isa = PBXFileReference; lastKnownFileType = sourcecode.swift; path = Constants.swift; sourceTree = "<group>"; };
		2A78E43C214C74F500FE0728 /* FilterButton02.swift */ = {isa = PBXFileReference; lastKnownFileType = sourcecode.swift; path = FilterButton02.swift; sourceTree = "<group>"; };
		2A78E43E214C750300FE0728 /* FilterButton03.swift */ = {isa = PBXFileReference; lastKnownFileType = sourcecode.swift; path = FilterButton03.swift; sourceTree = "<group>"; };
		2A78E440214C751B00FE0728 /* FilterButton04.swift */ = {isa = PBXFileReference; lastKnownFileType = sourcecode.swift; path = FilterButton04.swift; sourceTree = "<group>"; };
		2A78E442214C752600FE0728 /* FilterButton05.swift */ = {isa = PBXFileReference; lastKnownFileType = sourcecode.swift; path = FilterButton05.swift; sourceTree = "<group>"; };
		2A78E444214C753300FE0728 /* FilterButton06.swift */ = {isa = PBXFileReference; lastKnownFileType = sourcecode.swift; path = FilterButton06.swift; sourceTree = "<group>"; };
		2A78E446214C754300FE0728 /* FilterButton07.swift */ = {isa = PBXFileReference; lastKnownFileType = sourcecode.swift; path = FilterButton07.swift; sourceTree = "<group>"; };
		2A78E448214C755800FE0728 /* FilterButton08.swift */ = {isa = PBXFileReference; lastKnownFileType = sourcecode.swift; path = FilterButton08.swift; sourceTree = "<group>"; };
		2A78E44A214C756400FE0728 /* FilterButton09.swift */ = {isa = PBXFileReference; lastKnownFileType = sourcecode.swift; path = FilterButton09.swift; sourceTree = "<group>"; };
		2A78E44E214C8EAE00FE0728 /* FiltersVC.swift */ = {isa = PBXFileReference; lastKnownFileType = sourcecode.swift; path = FiltersVC.swift; sourceTree = "<group>"; };
		2A89ACFD2094F00500B7485F /* openingVC.swift */ = {isa = PBXFileReference; lastKnownFileType = sourcecode.swift; path = openingVC.swift; sourceTree = "<group>"; };
		2AC47CAB20F2C22200CA5B4D /* SegmentedProgressBar.swift */ = {isa = PBXFileReference; fileEncoding = 4; lastKnownFileType = sourcecode.swift; path = SegmentedProgressBar.swift; sourceTree = "<group>"; };
		2AC47CAF20F2CB1400CA5B4D /* PreViewController.swift */ = {isa = PBXFileReference; fileEncoding = 4; lastKnownFileType = sourcecode.swift; path = PreViewController.swift; sourceTree = "<group>"; };
		2AC47CB020F2CB1400CA5B4D /* ContentViewController.swift */ = {isa = PBXFileReference; fileEncoding = 4; lastKnownFileType = sourcecode.swift; path = ContentViewController.swift; sourceTree = "<group>"; };
		2AC47CB420F2CB2400CA5B4D /* output.mp4 */ = {isa = PBXFileReference; lastKnownFileType = file; path = output.mp4; sourceTree = "<group>"; };
		2AC47CB520F2CB2400CA5B4D /* output3.mp4 */ = {isa = PBXFileReference; lastKnownFileType = file; path = output3.mp4; sourceTree = "<group>"; };
		2AC47CB620F2CB2400CA5B4D /* output2.mp4 */ = {isa = PBXFileReference; lastKnownFileType = file; path = output2.mp4; sourceTree = "<group>"; };
		2AC817E7215EB6EF00A02A3B /* MapKit.framework */ = {isa = PBXFileReference; lastKnownFileType = wrapper.framework; name = MapKit.framework; path = System/Library/Frameworks/MapKit.framework; sourceTree = SDKROOT; };
		2AD953072166B0E400DACDC0 /* selectUserTypeVC.swift */ = {isa = PBXFileReference; lastKnownFileType = sourcecode.swift; path = selectUserTypeVC.swift; sourceTree = "<group>"; };
		2AD9530D2167B6F300DACDC0 /* SettingsVC.swift */ = {isa = PBXFileReference; lastKnownFileType = sourcecode.swift; path = SettingsVC.swift; sourceTree = "<group>"; };
		2AD9530F2167B70D00DACDC0 /* GetHelpVC.swift */ = {isa = PBXFileReference; lastKnownFileType = sourcecode.swift; path = GetHelpVC.swift; sourceTree = "<group>"; };
		2AD953112167BACE00DACDC0 /* NewUpdateVC.swift */ = {isa = PBXFileReference; lastKnownFileType = sourcecode.swift; path = NewUpdateVC.swift; sourceTree = "<group>"; };
		2AD953132167BAF200DACDC0 /* NewSelectImagesVC.swift */ = {isa = PBXFileReference; lastKnownFileType = sourcecode.swift; path = NewSelectImagesVC.swift; sourceTree = "<group>"; };
		2AD953152167BCAC00DACDC0 /* NewUploadPresenter.swift */ = {isa = PBXFileReference; lastKnownFileType = sourcecode.swift; path = NewUploadPresenter.swift; sourceTree = "<group>"; };
		2AEDED6C213F73FF00D03B1F /* CTBottomSlideController.swift */ = {isa = PBXFileReference; fileEncoding = 4; lastKnownFileType = sourcecode.swift; path = CTBottomSlideController.swift; sourceTree = "<group>"; };
		2AEDED6D213F73FF00D03B1F /* CTBottomSlideTableDelegate.swift */ = {isa = PBXFileReference; fileEncoding = 4; lastKnownFileType = sourcecode.swift; path = CTBottomSlideTableDelegate.swift; sourceTree = "<group>"; };
		2AEDED6E213F73FF00D03B1F /* CTPanGestureRecognizerExtension.swift */ = {isa = PBXFileReference; fileEncoding = 4; lastKnownFileType = sourcecode.swift; path = CTPanGestureRecognizerExtension.swift; sourceTree = "<group>"; };
		2AEDED72213FEAAB00D03B1F /* TSSlidingUpPanelManager.swift */ = {isa = PBXFileReference; fileEncoding = 4; lastKnownFileType = sourcecode.swift; path = TSSlidingUpPanelManager.swift; sourceTree = "<group>"; };
		2AEDED742142485200D03B1F /* PopUpVC.swift */ = {isa = PBXFileReference; lastKnownFileType = sourcecode.swift; path = PopUpVC.swift; sourceTree = "<group>"; };
		2AEED8F2213B10590082B110 /* UpdateVC.swift */ = {isa = PBXFileReference; lastKnownFileType = sourcecode.swift; name = UpdateVC.swift; path = ../UpdateVC.swift; sourceTree = "<group>"; };
		2AEED8F4213C87AF0082B110 /* UserModel.swift */ = {isa = PBXFileReference; fileEncoding = 4; lastKnownFileType = sourcecode.swift; path = UserModel.swift; sourceTree = "<group>"; };
		2AEED8F6213C87BA0082B110 /* User.swift */ = {isa = PBXFileReference; fileEncoding = 4; lastKnownFileType = sourcecode.swift; path = User.swift; sourceTree = "<group>"; };
		2AEED8F8213C87C60082B110 /* StorageService.swift */ = {isa = PBXFileReference; fileEncoding = 4; lastKnownFileType = sourcecode.swift; path = StorageService.swift; sourceTree = "<group>"; };
		2AEED8FA213C87D30082B110 /* Message.swift */ = {isa = PBXFileReference; fileEncoding = 4; lastKnownFileType = sourcecode.swift; path = Message.swift; sourceTree = "<group>"; };
		2AEED8FC213C88100082B110 /* Helper.swift */ = {isa = PBXFileReference; fileEncoding = 4; lastKnownFileType = sourcecode.swift; path = Helper.swift; sourceTree = "<group>"; };
		2AEED8FE213C881B0082B110 /* Extensions.swift */ = {isa = PBXFileReference; fileEncoding = 4; lastKnownFileType = sourcecode.swift; path = Extensions.swift; sourceTree = "<group>"; };
		2AEED900213C88270082B110 /* DBService.swift */ = {isa = PBXFileReference; fileEncoding = 4; lastKnownFileType = sourcecode.swift; path = DBService.swift; sourceTree = "<group>"; };
		2AEED902213C88350082B110 /* ChatMessageCell.swift */ = {isa = PBXFileReference; fileEncoding = 4; lastKnownFileType = sourcecode.swift; path = ChatMessageCell.swift; sourceTree = "<group>"; };
		2AEED904213CD4590082B110 /* MsgTableViewController.swift */ = {isa = PBXFileReference; fileEncoding = 4; lastKnownFileType = sourcecode.swift; path = MsgTableViewController.swift; sourceTree = "<group>"; };
		2AEED907213CD4710082B110 /* NewMatchCollectionViewCell.swift */ = {isa = PBXFileReference; fileEncoding = 4; lastKnownFileType = sourcecode.swift; path = NewMatchCollectionViewCell.swift; sourceTree = "<group>"; };
		2AEED908213CD4710082B110 /* NewMatchTableViewCell.swift */ = {isa = PBXFileReference; fileEncoding = 4; lastKnownFileType = sourcecode.swift; path = NewMatchTableViewCell.swift; sourceTree = "<group>"; };
		2AEED909213CD4710082B110 /* NewMatchVC.swift */ = {isa = PBXFileReference; fileEncoding = 4; lastKnownFileType = sourcecode.swift; path = NewMatchVC.swift; sourceTree = "<group>"; };
		2AEED90D213F06270082B110 /* pholio01.entitlements */ = {isa = PBXFileReference; lastKnownFileType = text.plist.entitlements; path = pholio01.entitlements; sourceTree = "<group>"; };
		2AF4D9662092579A005D3C66 /* chooseusertypeVC.swift */ = {isa = PBXFileReference; lastKnownFileType = sourcecode.swift; path = chooseusertypeVC.swift; sourceTree = "<group>"; };
		2F49E4E484B4A53584B7ECEC /* Pods_pholio01.framework */ = {isa = PBXFileReference; explicitFileType = wrapper.framework; includeInIndex = 0; path = Pods_pholio01.framework; sourceTree = BUILT_PRODUCTS_DIR; };
		C918C841DF627DDDCFBBE3D5 /* Pods-pholio01.debug.xcconfig */ = {isa = PBXFileReference; includeInIndex = 1; lastKnownFileType = text.xcconfig; name = "Pods-pholio01.debug.xcconfig"; path = "Pods/Target Support Files/Pods-pholio01/Pods-pholio01.debug.xcconfig"; sourceTree = "<group>"; };
/* End PBXFileReference section */

/* Begin PBXFrameworksBuildPhase section */
		2A31E1D9207BC769006CFF24 /* Frameworks */ = {
			isa = PBXFrameworksBuildPhase;
			buildActionMask = 2147483647;
			files = (
				2A42585F20BBC3B8006B0146 /* CoreLocation.framework in Frameworks */,
				2AC817E8215EB6EF00A02A3B /* MapKit.framework in Frameworks */,
				FFDD85588F312A161005339E /* Pods_pholio01.framework in Frameworks */,
			);
			runOnlyForDeploymentPostprocessing = 0;
		};
/* End PBXFrameworksBuildPhase section */

/* Begin PBXGroup section */
		2A0B0CA220CAD094009675B8 /* UploadTask */ = {
			isa = PBXGroup;
			children = (
				2A2F226D20C2622000D05D01 /* UploadPresenter.swift */,
				2AD953152167BCAC00DACDC0 /* NewUploadPresenter.swift */,
				2A2F227320C269C100D05D01 /* UploadimageCell.swift */,
				2A2F227D20C4C35C00D05D01 /* UploadImagePresenter.swift */,
				2A0B0CA420CB3665009675B8 /* UploadImageOperation.swift */,
				2A0B0CA020CACF94009675B8 /* ImageUploadManager.swift */,
				2A0B0C9E20CACF17009675B8 /* AbstractOperation.swift */,
				2A0B0CA620CD9C52009675B8 /* Car.swift */,
			);
			path = UploadTask;
			sourceTree = "<group>";
		};
		2A0B0CA320CAD1A4009675B8 /* ViewControllers */ = {
			isa = PBXGroup;
			children = (
				2A89ACFD2094F00500B7485F /* openingVC.swift */,
				2A31E1F5207BD0DE006CFF24 /* SignInVC.swift */,
				2A31E1F7207BD0F7006CFF24 /* SignUpVC.swift */,
				2A4A4B1F20826BF70069D5C6 /* HomePageVC.swift */,
				2AD953072166B0E400DACDC0 /* selectUserTypeVC.swift */,
				2AF4D9662092579A005D3C66 /* chooseusertypeVC.swift */,
				2A4A4B1B20826AAC0069D5C6 /* PairWithVC.swift */,
				2A40223F20B6BEB0001F2F38 /* EditProfile.swift */,
				2A2F227920C4B47E00D05D01 /* EditGalleryVC.swift */,
				2A2F227B20C4B5A400D05D01 /* SelectImageVC.swift */,
				2AEED8F2213B10590082B110 /* UpdateVC.swift */,
				2AEDED742142485200D03B1F /* PopUpVC.swift */,
				2AD9530D2167B6F300DACDC0 /* SettingsVC.swift */,
				2AD9530F2167B70D00DACDC0 /* GetHelpVC.swift */,
				2AD953112167BACE00DACDC0 /* NewUpdateVC.swift */,
				2AD953132167BAF200DACDC0 /* NewSelectImagesVC.swift */,
			);
			path = ViewControllers;
			sourceTree = "<group>";
		};
		2A0F047320EAA50500AC6827 /* SlideMenu */ = {
			isa = PBXGroup;
			children = (
				2A0F047420EAA5A200AC6827 /* BaseViewController.swift */,
				2A0F047520EAA5A300AC6827 /* MenuViewController.swift */,
			);
			path = SlideMenu;
			sourceTree = "<group>";
		};
		2A31E1D3207BC769006CFF24 = {
			isa = PBXGroup;
			children = (
				2A31E1DE207BC769006CFF24 /* pholio01 */,
				2A31E1DD207BC769006CFF24 /* Products */,
				D5C7DE1ABEAB3F74487DD202 /* Pods */,
				FDD0BAD480B8D7C7C7DFC32E /* Frameworks */,
			);
			sourceTree = "<group>";
		};
		2A31E1DD207BC769006CFF24 /* Products */ = {
			isa = PBXGroup;
			children = (
				2A31E1DC207BC769006CFF24 /* pholio01.app */,
			);
			name = Products;
			sourceTree = "<group>";
		};
		2A31E1DE207BC769006CFF24 /* pholio01 */ = {
			isa = PBXGroup;
			children = (
				2AEED90D213F06270082B110 /* pholio01.entitlements */,
				2A5B22022164075600C9F6C2 /* OHCircleSegue.swift */,
				2A31E1DF207BC769006CFF24 /* AppDelegate.swift */,
				2A31E1E1207BC769006CFF24 /* ViewController.swift */,
				2A4D91E220A9E58A0018A3D1 /* Service.swift */,
				2A6789D0208987C1003FAAA9 /* AlertController.swift */,
				2A2F227520C48B8700D05D01 /* CustomImageFlowLayout.swift */,
				2A0B0CA320CAD1A4009675B8 /* ViewControllers */,
				2AC47CAA20F2C22200CA5B4D /* HELP!! */,
				2AEED906213CD4710082B110 /* NewMatchFunc */,
				2A0F047320EAA50500AC6827 /* SlideMenu */,
				2A0B0CA220CAD094009675B8 /* UploadTask */,
				2A78E437214C6CAC00FE0728 /* FiltersClass */,
				2A6DB00920FFA7BE00762C06 /* Other */,
				2A31E1E3207BC769006CFF24 /* Main.storyboard */,
				2A31E1E6207BC76A006CFF24 /* Assets.xcassets */,
				2A31E1E8207BC76A006CFF24 /* LaunchScreen.storyboard */,
				2A31E1EB207BC76A006CFF24 /* Info.plist */,
				2A5C39192147A11E0094E5EB /* GoogleService-Info.plist */,
				2A0F047F20EAE2F500AC6827 /* pholio01-Bridging-Header.h */,
				2A0F048420EAE36500AC6827 /* SWRevealViewController.h */,
				2A0F048320EAE36400AC6827 /* SWRevealViewController.m */,
			);
			path = pholio01;
			sourceTree = "<group>";
		};
		2A6DB00920FFA7BE00762C06 /* Other */ = {
			isa = PBXGroup;
			children = (
				2A0F048F20ED5C7900AC6827 /* GridLayout.swift */,
			);
			path = Other;
			sourceTree = "<group>";
		};
		2A78E437214C6CAC00FE0728 /* FiltersClass */ = {
			isa = PBXGroup;
			children = (
				2A78E438214C6D0A00FE0728 /* FilterButtons.swift */,
				2A78E43C214C74F500FE0728 /* FilterButton02.swift */,
				2A78E43E214C750300FE0728 /* FilterButton03.swift */,
				2A78E440214C751B00FE0728 /* FilterButton04.swift */,
				2A78E442214C752600FE0728 /* FilterButton05.swift */,
				2A78E444214C753300FE0728 /* FilterButton06.swift */,
				2A78E446214C754300FE0728 /* FilterButton07.swift */,
				2A78E448214C755800FE0728 /* FilterButton08.swift */,
				2A78E44A214C756400FE0728 /* FilterButton09.swift */,
				2A78E43A214C6DDE00FE0728 /* Constants.swift */,
				2A78E44E214C8EAE00FE0728 /* FiltersVC.swift */,
			);
			path = FiltersClass;
			sourceTree = "<group>";
		};
		2AC47CAA20F2C22200CA5B4D /* HELP!! */ = {
			isa = PBXGroup;
			children = (
				2AE7371E2128B0C3001E8C98 /* Services */,
				2A0F047A20EAA89000AC6827 /* BViewController.swift */,
				2A0F048920ED476E00AC6827 /* CollectionViewCell.swift */,
				2AC47CB020F2CB1400CA5B4D /* ContentViewController.swift */,
				2AC47CAF20F2CB1400CA5B4D /* PreViewController.swift */,
				2AC47CAB20F2C22200CA5B4D /* SegmentedProgressBar.swift */,
				2AC47CB320F2CB2400CA5B4D /* videos */,
			);
			path = "HELP!!";
			sourceTree = "<group>";
		};
		2AC47CB320F2CB2400CA5B4D /* videos */ = {
			isa = PBXGroup;
			children = (
				2AC47CB420F2CB2400CA5B4D /* output.mp4 */,
				2AC47CB520F2CB2400CA5B4D /* output3.mp4 */,
				2AC47CB620F2CB2400CA5B4D /* output2.mp4 */,
			);
			path = videos;
			sourceTree = "<group>";
		};
		2AE7371E2128B0C3001E8C98 /* Services */ = {
			isa = PBXGroup;
			children = (
				2AEDED6B213F73FF00D03B1F /* lib */,
				2AEED8F4213C87AF0082B110 /* UserModel.swift */,
				2AEED8F6213C87BA0082B110 /* User.swift */,
				2AEED8F8213C87C60082B110 /* StorageService.swift */,
				2AEED8FA213C87D30082B110 /* Message.swift */,
				2AEED8FC213C88100082B110 /* Helper.swift */,
				2AEED8FE213C881B0082B110 /* Extensions.swift */,
				2AEED900213C88270082B110 /* DBService.swift */,
				2AEED902213C88350082B110 /* ChatMessageCell.swift */,
				2AEDED72213FEAAB00D03B1F /* TSSlidingUpPanelManager.swift */,
			);
			path = Services;
			sourceTree = "<group>";
		};
		2AEDED6B213F73FF00D03B1F /* lib */ = {
			isa = PBXGroup;
			children = (
				2AEDED6C213F73FF00D03B1F /* CTBottomSlideController.swift */,
				2AEDED6D213F73FF00D03B1F /* CTBottomSlideTableDelegate.swift */,
				2AEDED6E213F73FF00D03B1F /* CTPanGestureRecognizerExtension.swift */,
			);
			name = lib;
			path = "pholio01/HELP!!/lib";
			sourceTree = SOURCE_ROOT;
		};
		2AEED906213CD4710082B110 /* NewMatchFunc */ = {
			isa = PBXGroup;
			children = (
				2AEED907213CD4710082B110 /* NewMatchCollectionViewCell.swift */,
				2AEED908213CD4710082B110 /* NewMatchTableViewCell.swift */,
				2AEED909213CD4710082B110 /* NewMatchVC.swift */,
				2AEED904213CD4590082B110 /* MsgTableViewController.swift */,
			);
			path = NewMatchFunc;
			sourceTree = "<group>";
		};
		D5C7DE1ABEAB3F74487DD202 /* Pods */ = {
			isa = PBXGroup;
			children = (
				C918C841DF627DDDCFBBE3D5 /* Pods-pholio01.debug.xcconfig */,
				1CEF13C22DFFD79208D49E43 /* Pods-pholio01.release.xcconfig */,
			);
			name = Pods;
			sourceTree = "<group>";
		};
		FDD0BAD480B8D7C7C7DFC32E /* Frameworks */ = {
			isa = PBXGroup;
			children = (
				2AC817E7215EB6EF00A02A3B /* MapKit.framework */,
				2A42585E20BBC3B8006B0146 /* CoreLocation.framework */,
				2F49E4E484B4A53584B7ECEC /* Pods_pholio01.framework */,
			);
			name = Frameworks;
			sourceTree = "<group>";
		};
/* End PBXGroup section */

/* Begin PBXNativeTarget section */
		2A31E1DB207BC769006CFF24 /* pholio01 */ = {
			isa = PBXNativeTarget;
			buildConfigurationList = 2A31E1EE207BC76A006CFF24 /* Build configuration list for PBXNativeTarget "pholio01" */;
			buildPhases = (
				EB7ECA0D7D8A07C90B48D845 /* [CP] Check Pods Manifest.lock */,
				2A31E1D8207BC769006CFF24 /* Sources */,
				2A31E1D9207BC769006CFF24 /* Frameworks */,
				2A31E1DA207BC769006CFF24 /* Resources */,
				276D2F51BA48C53398D5DE6B /* [CP] Embed Pods Frameworks */,
				C137B6EBF65368F06F8168E1 /* [CP] Copy Pods Resources */,
			);
			buildRules = (
			);
			dependencies = (
			);
			name = pholio01;
			productName = pholio01;
			productReference = 2A31E1DC207BC769006CFF24 /* pholio01.app */;
			productType = "com.apple.product-type.application";
		};
/* End PBXNativeTarget section */

/* Begin PBXProject section */
		2A31E1D4207BC769006CFF24 /* Project object */ = {
			isa = PBXProject;
			attributes = {
				LastSwiftUpdateCheck = 0930;
				LastUpgradeCheck = 0940;
				ORGANIZATIONNAME = "Chris Ransom";
				TargetAttributes = {
					2A31E1DB207BC769006CFF24 = {
						CreatedOnToolsVersion = 9.3;
						LastSwiftMigration = 0940;
						SystemCapabilities = {
							com.apple.Keychain = {
								enabled = 1;
							};
							com.apple.Maps.iOS = {
								enabled = 1;
							};
							com.apple.Push = {
								enabled = 1;
							};
						};
					};
				};
			};
			buildConfigurationList = 2A31E1D7207BC769006CFF24 /* Build configuration list for PBXProject "pholio01" */;
			compatibilityVersion = "Xcode 9.3";
			developmentRegion = en;
			hasScannedForEncodings = 0;
			knownRegions = (
				en,
				Base,
			);
			mainGroup = 2A31E1D3207BC769006CFF24;
			productRefGroup = 2A31E1DD207BC769006CFF24 /* Products */;
			projectDirPath = "";
			projectRoot = "";
			targets = (
				2A31E1DB207BC769006CFF24 /* pholio01 */,
			);
		};
/* End PBXProject section */

/* Begin PBXResourcesBuildPhase section */
		2A31E1DA207BC769006CFF24 /* Resources */ = {
			isa = PBXResourcesBuildPhase;
			buildActionMask = 2147483647;
			files = (
				2A31E1EA207BC76A006CFF24 /* LaunchScreen.storyboard in Resources */,
				2AC47CB820F2CB2400CA5B4D /* output3.mp4 in Resources */,
				2A31E1E7207BC76A006CFF24 /* Assets.xcassets in Resources */,
				2AC47CB720F2CB2400CA5B4D /* output.mp4 in Resources */,
				2A31E1E5207BC769006CFF24 /* Main.storyboard in Resources */,
				2AC47CB920F2CB2400CA5B4D /* output2.mp4 in Resources */,
				2A5C391A2147A11E0094E5EB /* GoogleService-Info.plist in Resources */,
			);
			runOnlyForDeploymentPostprocessing = 0;
		};
/* End PBXResourcesBuildPhase section */

/* Begin PBXShellScriptBuildPhase section */
		276D2F51BA48C53398D5DE6B /* [CP] Embed Pods Frameworks */ = {
			isa = PBXShellScriptBuildPhase;
			buildActionMask = 2147483647;
			files = (
			);
			inputPaths = (
				"${PODS_ROOT}/Target Support Files/Pods-pholio01/Pods-pholio01-frameworks.sh",
				"${BUILT_PRODUCTS_DIR}/Alamofire/Alamofire.framework",
				"${BUILT_PRODUCTS_DIR}/Bolts/Bolts.framework",
				"${BUILT_PRODUCTS_DIR}/BoringSSL/openssl.framework",
				"${BUILT_PRODUCTS_DIR}/CTSlidingUpPanel/CTSlidingUpPanel.framework",
				"${BUILT_PRODUCTS_DIR}/FBSDKCoreKit/FBSDKCoreKit.framework",
				"${BUILT_PRODUCTS_DIR}/FBSDKLoginKit/FBSDKLoginKit.framework",
				"${BUILT_PRODUCTS_DIR}/FBSDKShareKit/FBSDKShareKit.framework",
				"${BUILT_PRODUCTS_DIR}/FacebookCore/FacebookCore.framework",
				"${BUILT_PRODUCTS_DIR}/FacebookLogin/FacebookLogin.framework",
				"${BUILT_PRODUCTS_DIR}/GTMOAuth2/GTMOAuth2.framework",
				"${BUILT_PRODUCTS_DIR}/GTMSessionFetcher/GTMSessionFetcher.framework",
				"${BUILT_PRODUCTS_DIR}/GoogleToolboxForMac/GoogleToolboxForMac.framework",
				"${BUILT_PRODUCTS_DIR}/GoogleUtilities/GoogleUtilities.framework",
				"${BUILT_PRODUCTS_DIR}/Haneke/Haneke.framework",
				"${BUILT_PRODUCTS_DIR}/JGProgressHUD/JGProgressHUD.framework",
				"${BUILT_PRODUCTS_DIR}/LBTAComponents/LBTAComponents.framework",
				"${BUILT_PRODUCTS_DIR}/Protobuf/Protobuf.framework",
				"${BUILT_PRODUCTS_DIR}/SDWebImage/SDWebImage.framework",
				"${BUILT_PRODUCTS_DIR}/SwiftValidator/SwiftValidator.framework",
				"${BUILT_PRODUCTS_DIR}/SwiftyJSON/SwiftyJSON.framework",
				"${BUILT_PRODUCTS_DIR}/TextFieldEffects/TextFieldEffects.framework",
				"${PODS_ROOT}/TwitterCore/iOS/TwitterCore.framework",
				"${PODS_ROOT}/TwitterKit/iOS/TwitterKit.framework",
				"${BUILT_PRODUCTS_DIR}/gRPC/GRPCClient.framework",
				"${BUILT_PRODUCTS_DIR}/gRPC-C++/grpcpp.framework",
				"${BUILT_PRODUCTS_DIR}/gRPC-Core/grpc.framework",
				"${BUILT_PRODUCTS_DIR}/gRPC-ProtoRPC/ProtoRPC.framework",
				"${BUILT_PRODUCTS_DIR}/gRPC-RxLibrary/RxLibrary.framework",
				"${BUILT_PRODUCTS_DIR}/leveldb-library/leveldb.framework",
				"${BUILT_PRODUCTS_DIR}/nanopb/nanopb.framework",
			);
			name = "[CP] Embed Pods Frameworks";
			outputPaths = (
				"${TARGET_BUILD_DIR}/${FRAMEWORKS_FOLDER_PATH}/Alamofire.framework",
				"${TARGET_BUILD_DIR}/${FRAMEWORKS_FOLDER_PATH}/Bolts.framework",
				"${TARGET_BUILD_DIR}/${FRAMEWORKS_FOLDER_PATH}/openssl.framework",
				"${TARGET_BUILD_DIR}/${FRAMEWORKS_FOLDER_PATH}/CTSlidingUpPanel.framework",
				"${TARGET_BUILD_DIR}/${FRAMEWORKS_FOLDER_PATH}/FBSDKCoreKit.framework",
				"${TARGET_BUILD_DIR}/${FRAMEWORKS_FOLDER_PATH}/FBSDKLoginKit.framework",
				"${TARGET_BUILD_DIR}/${FRAMEWORKS_FOLDER_PATH}/FBSDKShareKit.framework",
				"${TARGET_BUILD_DIR}/${FRAMEWORKS_FOLDER_PATH}/FacebookCore.framework",
				"${TARGET_BUILD_DIR}/${FRAMEWORKS_FOLDER_PATH}/FacebookLogin.framework",
				"${TARGET_BUILD_DIR}/${FRAMEWORKS_FOLDER_PATH}/GTMOAuth2.framework",
				"${TARGET_BUILD_DIR}/${FRAMEWORKS_FOLDER_PATH}/GTMSessionFetcher.framework",
				"${TARGET_BUILD_DIR}/${FRAMEWORKS_FOLDER_PATH}/GoogleToolboxForMac.framework",
				"${TARGET_BUILD_DIR}/${FRAMEWORKS_FOLDER_PATH}/GoogleUtilities.framework",
				"${TARGET_BUILD_DIR}/${FRAMEWORKS_FOLDER_PATH}/Haneke.framework",
				"${TARGET_BUILD_DIR}/${FRAMEWORKS_FOLDER_PATH}/JGProgressHUD.framework",
				"${TARGET_BUILD_DIR}/${FRAMEWORKS_FOLDER_PATH}/LBTAComponents.framework",
				"${TARGET_BUILD_DIR}/${FRAMEWORKS_FOLDER_PATH}/Protobuf.framework",
				"${TARGET_BUILD_DIR}/${FRAMEWORKS_FOLDER_PATH}/SDWebImage.framework",
				"${TARGET_BUILD_DIR}/${FRAMEWORKS_FOLDER_PATH}/SwiftValidator.framework",
				"${TARGET_BUILD_DIR}/${FRAMEWORKS_FOLDER_PATH}/SwiftyJSON.framework",
				"${TARGET_BUILD_DIR}/${FRAMEWORKS_FOLDER_PATH}/TextFieldEffects.framework",
				"${TARGET_BUILD_DIR}/${FRAMEWORKS_FOLDER_PATH}/TwitterCore.framework",
				"${TARGET_BUILD_DIR}/${FRAMEWORKS_FOLDER_PATH}/TwitterKit.framework",
				"${TARGET_BUILD_DIR}/${FRAMEWORKS_FOLDER_PATH}/GRPCClient.framework",
				"${TARGET_BUILD_DIR}/${FRAMEWORKS_FOLDER_PATH}/grpcpp.framework",
				"${TARGET_BUILD_DIR}/${FRAMEWORKS_FOLDER_PATH}/grpc.framework",
				"${TARGET_BUILD_DIR}/${FRAMEWORKS_FOLDER_PATH}/ProtoRPC.framework",
				"${TARGET_BUILD_DIR}/${FRAMEWORKS_FOLDER_PATH}/RxLibrary.framework",
				"${TARGET_BUILD_DIR}/${FRAMEWORKS_FOLDER_PATH}/leveldb.framework",
				"${TARGET_BUILD_DIR}/${FRAMEWORKS_FOLDER_PATH}/nanopb.framework",
			);
			runOnlyForDeploymentPostprocessing = 0;
			shellPath = /bin/sh;
			shellScript = "\"${PODS_ROOT}/Target Support Files/Pods-pholio01/Pods-pholio01-frameworks.sh\"\n";
			showEnvVarsInLog = 0;
		};
		C137B6EBF65368F06F8168E1 /* [CP] Copy Pods Resources */ = {
			isa = PBXShellScriptBuildPhase;
			buildActionMask = 2147483647;
			files = (
			);
			inputPaths = (
				"${PODS_ROOT}/Target Support Files/Pods-pholio01/Pods-pholio01-resources.sh",
				"${PODS_CONFIGURATION_BUILD_DIR}/FirebaseUI/FirebaseAnonymousAuthUI.bundle",
				"${PODS_CONFIGURATION_BUILD_DIR}/FirebaseUI/FirebaseAuthUI.bundle",
				"${PODS_CONFIGURATION_BUILD_DIR}/FirebaseUI/FirebaseFacebookAuthUI.bundle",
				"${PODS_CONFIGURATION_BUILD_DIR}/FirebaseUI/FirebaseGoogleAuthUI.bundle",
				"${PODS_CONFIGURATION_BUILD_DIR}/FirebaseUI/FirebasePhoneAuthUI.bundle",
				"${PODS_CONFIGURATION_BUILD_DIR}/FirebaseUI/FirebaseTwitterAuthUI.bundle",
				"${PODS_ROOT}/GoogleSignIn/Resources/GoogleSignIn.bundle",
				"${PODS_ROOT}/TwitterKit/iOS/TwitterKit.framework/TwitterKitResources.bundle",
			);
			name = "[CP] Copy Pods Resources";
			outputPaths = (
				"${TARGET_BUILD_DIR}/${UNLOCALIZED_RESOURCES_FOLDER_PATH}/FirebaseAnonymousAuthUI.bundle",
				"${TARGET_BUILD_DIR}/${UNLOCALIZED_RESOURCES_FOLDER_PATH}/FirebaseAuthUI.bundle",
				"${TARGET_BUILD_DIR}/${UNLOCALIZED_RESOURCES_FOLDER_PATH}/FirebaseFacebookAuthUI.bundle",
				"${TARGET_BUILD_DIR}/${UNLOCALIZED_RESOURCES_FOLDER_PATH}/FirebaseGoogleAuthUI.bundle",
				"${TARGET_BUILD_DIR}/${UNLOCALIZED_RESOURCES_FOLDER_PATH}/FirebasePhoneAuthUI.bundle",
				"${TARGET_BUILD_DIR}/${UNLOCALIZED_RESOURCES_FOLDER_PATH}/FirebaseTwitterAuthUI.bundle",
				"${TARGET_BUILD_DIR}/${UNLOCALIZED_RESOURCES_FOLDER_PATH}/GoogleSignIn.bundle",
				"${TARGET_BUILD_DIR}/${UNLOCALIZED_RESOURCES_FOLDER_PATH}/TwitterKitResources.bundle",
			);
			runOnlyForDeploymentPostprocessing = 0;
			shellPath = /bin/sh;
			shellScript = "\"${PODS_ROOT}/Target Support Files/Pods-pholio01/Pods-pholio01-resources.sh\"\n";
			showEnvVarsInLog = 0;
		};
		EB7ECA0D7D8A07C90B48D845 /* [CP] Check Pods Manifest.lock */ = {
			isa = PBXShellScriptBuildPhase;
			buildActionMask = 2147483647;
			files = (
			);
			inputPaths = (
				"${PODS_PODFILE_DIR_PATH}/Podfile.lock",
				"${PODS_ROOT}/Manifest.lock",
			);
			name = "[CP] Check Pods Manifest.lock";
			outputPaths = (
				"$(DERIVED_FILE_DIR)/Pods-pholio01-checkManifestLockResult.txt",
			);
			runOnlyForDeploymentPostprocessing = 0;
			shellPath = /bin/sh;
			shellScript = "diff \"${PODS_PODFILE_DIR_PATH}/Podfile.lock\" \"${PODS_ROOT}/Manifest.lock\" > /dev/null\nif [ $? != 0 ] ; then\n    # print error to STDERR\n    echo \"error: The sandbox is not in sync with the Podfile.lock. Run 'pod install' or update your CocoaPods installation.\" >&2\n    exit 1\nfi\n# This output is used by Xcode 'outputs' to avoid re-running this script phase.\necho \"SUCCESS\" > \"${SCRIPT_OUTPUT_FILE_0}\"\n";
			showEnvVarsInLog = 0;
		};
/* End PBXShellScriptBuildPhase section */

/* Begin PBXSourcesBuildPhase section */
		2A31E1D8207BC769006CFF24 /* Sources */ = {
			isa = PBXSourcesBuildPhase;
			buildActionMask = 2147483647;
			files = (
				2A0B0CA720CD9C52009675B8 /* Car.swift in Sources */,
				2A78E44F214C8EAE00FE0728 /* FiltersVC.swift in Sources */,
				2AEED901213C88270082B110 /* DBService.swift in Sources */,
				2AEED90C213CD4710082B110 /* NewMatchVC.swift in Sources */,
				2A6789D1208987C1003FAAA9 /* AlertController.swift in Sources */,
				2A31E1F8207BD0F7006CFF24 /* SignUpVC.swift in Sources */,
				2AEED8FD213C88100082B110 /* Helper.swift in Sources */,
				2AC47CAD20F2C22200CA5B4D /* SegmentedProgressBar.swift in Sources */,
				2A78E445214C753300FE0728 /* FilterButton06.swift in Sources */,
				2A78E447214C754300FE0728 /* FilterButton07.swift in Sources */,
				2A0F047B20EAA89000AC6827 /* BViewController.swift in Sources */,
				2AEED8F3213B10590082B110 /* UpdateVC.swift in Sources */,
				2A0B0CA520CB3665009675B8 /* UploadImageOperation.swift in Sources */,
				2AEED903213C88350082B110 /* ChatMessageCell.swift in Sources */,
				2AEED8FB213C87D30082B110 /* Message.swift in Sources */,
				2AEDED73213FEAAB00D03B1F /* TSSlidingUpPanelManager.swift in Sources */,
				2A0F047620EAA5A300AC6827 /* BaseViewController.swift in Sources */,
				2A78E443214C752600FE0728 /* FilterButton05.swift in Sources */,
				2AD953122167BACE00DACDC0 /* NewUpdateVC.swift in Sources */,
				2A40224020B6BEB0001F2F38 /* EditProfile.swift in Sources */,
				2AEED8FF213C881B0082B110 /* Extensions.swift in Sources */,
				2A78E43F214C750300FE0728 /* FilterButton03.swift in Sources */,
				2AEED8F9213C87C60082B110 /* StorageService.swift in Sources */,
				2AEED90B213CD4710082B110 /* NewMatchTableViewCell.swift in Sources */,
				2A4A4B2020826BF70069D5C6 /* HomePageVC.swift in Sources */,
				2AEDED70213F73FF00D03B1F /* CTBottomSlideTableDelegate.swift in Sources */,
				2A0F048A20ED476E00AC6827 /* CollectionViewCell.swift in Sources */,
				2AD953082166B0E400DACDC0 /* selectUserTypeVC.swift in Sources */,
				2AEDED752142485200D03B1F /* PopUpVC.swift in Sources */,
				2A0B0C9F20CACF17009675B8 /* AbstractOperation.swift in Sources */,
				2AD953102167B70D00DACDC0 /* GetHelpVC.swift in Sources */,
				2AF4D9672092579A005D3C66 /* chooseusertypeVC.swift in Sources */,
				2A31E1E2207BC769006CFF24 /* ViewController.swift in Sources */,
				2A78E43B214C6DDE00FE0728 /* Constants.swift in Sources */,
				2A2F227420C269C100D05D01 /* UploadimageCell.swift in Sources */,
				2A0F048520EAE36500AC6827 /* SWRevealViewController.m in Sources */,
				2A78E441214C751B00FE0728 /* FilterButton04.swift in Sources */,
				2A0F049020ED5C7A00AC6827 /* GridLayout.swift in Sources */,
				2A31E1E0207BC769006CFF24 /* AppDelegate.swift in Sources */,
				2A78E43D214C74F500FE0728 /* FilterButton02.swift in Sources */,
				2AC47CB220F2CB1400CA5B4D /* ContentViewController.swift in Sources */,
				2A2F226E20C2622000D05D01 /* UploadPresenter.swift in Sources */,
				2A78E44B214C756400FE0728 /* FilterButton09.swift in Sources */,
				2A5B22032164075600C9F6C2 /* OHCircleSegue.swift in Sources */,
				2A2F227620C48B8700D05D01 /* CustomImageFlowLayout.swift in Sources */,
				2AEED8F7213C87BA0082B110 /* User.swift in Sources */,
				2AEED90A213CD4710082B110 /* NewMatchCollectionViewCell.swift in Sources */,
				2A78E449214C755800FE0728 /* FilterButton08.swift in Sources */,
				2AEED8F5213C87AF0082B110 /* UserModel.swift in Sources */,
				2A2F227C20C4B5A400D05D01 /* SelectImageVC.swift in Sources */,
				2A0F047720EAA5A300AC6827 /* MenuViewController.swift in Sources */,
				2AD9530E2167B6F300DACDC0 /* SettingsVC.swift in Sources */,
				2AEED905213CD4590082B110 /* MsgTableViewController.swift in Sources */,
				2A2F227A20C4B47E00D05D01 /* EditGalleryVC.swift in Sources */,
				2AC47CB120F2CB1400CA5B4D /* PreViewController.swift in Sources */,
				2A0B0CA120CACF94009675B8 /* ImageUploadManager.swift in Sources */,
				2AD953142167BAF200DACDC0 /* NewSelectImagesVC.swift in Sources */,
				2A4A4B1C20826AAC0069D5C6 /* PairWithVC.swift in Sources */,
				2AD953162167BCAC00DACDC0 /* NewUploadPresenter.swift in Sources */,
				2AEDED71213F73FF00D03B1F /* CTPanGestureRecognizerExtension.swift in Sources */,
				2A31E1F6207BD0DE006CFF24 /* SignInVC.swift in Sources */,
				2A4D91E320A9E58B0018A3D1 /* Service.swift in Sources */,
				2A78E439214C6D0A00FE0728 /* FilterButtons.swift in Sources */,
				2AEDED6F213F73FF00D03B1F /* CTBottomSlideController.swift in Sources */,
				2A89ACFE2094F00500B7485F /* openingVC.swift in Sources */,
				2A2F227E20C4C35C00D05D01 /* UploadImagePresenter.swift in Sources */,
			);
			runOnlyForDeploymentPostprocessing = 0;
		};
/* End PBXSourcesBuildPhase section */

/* Begin PBXVariantGroup section */
		2A31E1E3207BC769006CFF24 /* Main.storyboard */ = {
			isa = PBXVariantGroup;
			children = (
				2A31E1E4207BC769006CFF24 /* Base */,
				2A3F6CB9208ED07C001DD794 /* en */,
			);
			name = Main.storyboard;
			sourceTree = "<group>";
		};
		2A31E1E8207BC76A006CFF24 /* LaunchScreen.storyboard */ = {
			isa = PBXVariantGroup;
			children = (
				2A31E1E9207BC76A006CFF24 /* Base */,
			);
			name = LaunchScreen.storyboard;
			sourceTree = "<group>";
		};
/* End PBXVariantGroup section */

/* Begin XCBuildConfiguration section */
		2A31E1EC207BC76A006CFF24 /* Debug */ = {
			isa = XCBuildConfiguration;
			buildSettings = {
				ALWAYS_SEARCH_USER_PATHS = NO;
				CLANG_ANALYZER_NONNULL = YES;
				CLANG_ANALYZER_NUMBER_OBJECT_CONVERSION = YES_AGGRESSIVE;
				CLANG_CXX_LANGUAGE_STANDARD = "gnu++14";
				CLANG_CXX_LIBRARY = "libc++";
				CLANG_ENABLE_MODULES = YES;
				CLANG_ENABLE_OBJC_ARC = YES;
				CLANG_ENABLE_OBJC_WEAK = YES;
				CLANG_WARN_BLOCK_CAPTURE_AUTORELEASING = YES;
				CLANG_WARN_BOOL_CONVERSION = YES;
				CLANG_WARN_COMMA = YES;
				CLANG_WARN_CONSTANT_CONVERSION = YES;
				CLANG_WARN_DEPRECATED_OBJC_IMPLEMENTATIONS = YES;
				CLANG_WARN_DIRECT_OBJC_ISA_USAGE = YES_ERROR;
				CLANG_WARN_DOCUMENTATION_COMMENTS = YES;
				CLANG_WARN_EMPTY_BODY = YES;
				CLANG_WARN_ENUM_CONVERSION = YES;
				CLANG_WARN_INFINITE_RECURSION = YES;
				CLANG_WARN_INT_CONVERSION = YES;
				CLANG_WARN_NON_LITERAL_NULL_CONVERSION = YES;
				CLANG_WARN_OBJC_IMPLICIT_RETAIN_SELF = YES;
				CLANG_WARN_OBJC_LITERAL_CONVERSION = YES;
				CLANG_WARN_OBJC_ROOT_CLASS = YES_ERROR;
				CLANG_WARN_RANGE_LOOP_ANALYSIS = YES;
				CLANG_WARN_STRICT_PROTOTYPES = YES;
				CLANG_WARN_SUSPICIOUS_MOVE = YES;
				CLANG_WARN_UNGUARDED_AVAILABILITY = YES_AGGRESSIVE;
				CLANG_WARN_UNREACHABLE_CODE = YES;
				CLANG_WARN__DUPLICATE_METHOD_MATCH = YES;
				CODE_SIGN_IDENTITY = "iPhone Developer";
				COPY_PHASE_STRIP = NO;
				DEBUG_INFORMATION_FORMAT = dwarf;
				ENABLE_STRICT_OBJC_MSGSEND = YES;
				ENABLE_TESTABILITY = YES;
				GCC_C_LANGUAGE_STANDARD = gnu11;
				GCC_DYNAMIC_NO_PIC = NO;
				GCC_NO_COMMON_BLOCKS = YES;
				GCC_OPTIMIZATION_LEVEL = 0;
				GCC_PREPROCESSOR_DEFINITIONS = (
					"DEBUG=1",
					"$(inherited)",
				);
				GCC_WARN_64_TO_32_BIT_CONVERSION = YES;
				GCC_WARN_ABOUT_RETURN_TYPE = YES_ERROR;
				GCC_WARN_UNDECLARED_SELECTOR = YES;
				GCC_WARN_UNINITIALIZED_AUTOS = YES_AGGRESSIVE;
				GCC_WARN_UNUSED_FUNCTION = YES;
				GCC_WARN_UNUSED_VARIABLE = YES;
				IPHONEOS_DEPLOYMENT_TARGET = 12.0;
				MTL_ENABLE_DEBUG_INFO = YES;
				ONLY_ACTIVE_ARCH = YES;
				SDKROOT = iphoneos;
				SWIFT_ACTIVE_COMPILATION_CONDITIONS = DEBUG;
				SWIFT_OPTIMIZATION_LEVEL = "-Onone";
			};
			name = Debug;
		};
		2A31E1ED207BC76A006CFF24 /* Release */ = {
			isa = XCBuildConfiguration;
			buildSettings = {
				ALWAYS_SEARCH_USER_PATHS = NO;
				CLANG_ANALYZER_NONNULL = YES;
				CLANG_ANALYZER_NUMBER_OBJECT_CONVERSION = YES_AGGRESSIVE;
				CLANG_CXX_LANGUAGE_STANDARD = "gnu++14";
				CLANG_CXX_LIBRARY = "libc++";
				CLANG_ENABLE_MODULES = YES;
				CLANG_ENABLE_OBJC_ARC = YES;
				CLANG_ENABLE_OBJC_WEAK = YES;
				CLANG_WARN_BLOCK_CAPTURE_AUTORELEASING = YES;
				CLANG_WARN_BOOL_CONVERSION = YES;
				CLANG_WARN_COMMA = YES;
				CLANG_WARN_CONSTANT_CONVERSION = YES;
				CLANG_WARN_DEPRECATED_OBJC_IMPLEMENTATIONS = YES;
				CLANG_WARN_DIRECT_OBJC_ISA_USAGE = YES_ERROR;
				CLANG_WARN_DOCUMENTATION_COMMENTS = YES;
				CLANG_WARN_EMPTY_BODY = YES;
				CLANG_WARN_ENUM_CONVERSION = YES;
				CLANG_WARN_INFINITE_RECURSION = YES;
				CLANG_WARN_INT_CONVERSION = YES;
				CLANG_WARN_NON_LITERAL_NULL_CONVERSION = YES;
				CLANG_WARN_OBJC_IMPLICIT_RETAIN_SELF = YES;
				CLANG_WARN_OBJC_LITERAL_CONVERSION = YES;
				CLANG_WARN_OBJC_ROOT_CLASS = YES_ERROR;
				CLANG_WARN_RANGE_LOOP_ANALYSIS = YES;
				CLANG_WARN_STRICT_PROTOTYPES = YES;
				CLANG_WARN_SUSPICIOUS_MOVE = YES;
				CLANG_WARN_UNGUARDED_AVAILABILITY = YES_AGGRESSIVE;
				CLANG_WARN_UNREACHABLE_CODE = YES;
				CLANG_WARN__DUPLICATE_METHOD_MATCH = YES;
				CODE_SIGN_IDENTITY = "iPhone Developer";
				COPY_PHASE_STRIP = NO;
				DEBUG_INFORMATION_FORMAT = "dwarf-with-dsym";
				ENABLE_NS_ASSERTIONS = NO;
				ENABLE_STRICT_OBJC_MSGSEND = YES;
				GCC_C_LANGUAGE_STANDARD = gnu11;
				GCC_NO_COMMON_BLOCKS = YES;
				GCC_WARN_64_TO_32_BIT_CONVERSION = YES;
				GCC_WARN_ABOUT_RETURN_TYPE = YES_ERROR;
				GCC_WARN_UNDECLARED_SELECTOR = YES;
				GCC_WARN_UNINITIALIZED_AUTOS = YES_AGGRESSIVE;
				GCC_WARN_UNUSED_FUNCTION = YES;
				GCC_WARN_UNUSED_VARIABLE = YES;
				IPHONEOS_DEPLOYMENT_TARGET = 12.0;
				MTL_ENABLE_DEBUG_INFO = NO;
				SDKROOT = iphoneos;
				SWIFT_COMPILATION_MODE = wholemodule;
				SWIFT_OPTIMIZATION_LEVEL = "-O";
				VALIDATE_PRODUCT = YES;
			};
			name = Release;
		};
		2A31E1EF207BC76A006CFF24 /* Debug */ = {
			isa = XCBuildConfiguration;
			baseConfigurationReference = C918C841DF627DDDCFBBE3D5 /* Pods-pholio01.debug.xcconfig */;
			buildSettings = {
				ASSETCATALOG_COMPILER_APPICON_NAME = AppIcon;
				CLANG_ENABLE_MODULES = YES;
				CODE_SIGN_ENTITLEMENTS = pholio01/pholio01.entitlements;
				CODE_SIGN_IDENTITY = "iPhone Developer";
				CODE_SIGN_STYLE = Automatic;
				DEVELOPMENT_TEAM = 4NPGUH6AXZ;
				INFOPLIST_FILE = pholio01/Info.plist;
				IPHONEOS_DEPLOYMENT_TARGET = 12.0;
				LD_RUNPATH_SEARCH_PATHS = (
					"$(inherited)",
					"@executable_path/Frameworks",
				);
				PRODUCT_BUNDLE_IDENTIFIER = co.chrisransom.pholio01;
				PRODUCT_NAME = "$(TARGET_NAME)";
				PROVISIONING_PROFILE = "";
				PROVISIONING_PROFILE_SPECIFIER = "";
				SWIFT_OBJC_BRIDGING_HEADER = "pholio01/pholio01-Bridging-Header.h";
				SWIFT_OPTIMIZATION_LEVEL = "-Onone";
				SWIFT_VERSION = 4.2;
				TARGETED_DEVICE_FAMILY = 1;
			};
			name = Debug;
		};
		2A31E1F0207BC76A006CFF24 /* Release */ = {
			isa = XCBuildConfiguration;
			baseConfigurationReference = 1CEF13C22DFFD79208D49E43 /* Pods-pholio01.release.xcconfig */;
			buildSettings = {
				ASSETCATALOG_COMPILER_APPICON_NAME = AppIcon;
				CLANG_ENABLE_MODULES = YES;
				CODE_SIGN_ENTITLEMENTS = pholio01/pholio01.entitlements;
				CODE_SIGN_IDENTITY = "iPhone Developer";
				CODE_SIGN_STYLE = Automatic;
				DEVELOPMENT_TEAM = 4NPGUH6AXZ;
				INFOPLIST_FILE = pholio01/Info.plist;
				IPHONEOS_DEPLOYMENT_TARGET = 12.0;
				LD_RUNPATH_SEARCH_PATHS = (
					"$(inherited)",
					"@executable_path/Frameworks",
				);
				PRODUCT_BUNDLE_IDENTIFIER = co.chrisransom.pholio01;
				PRODUCT_NAME = "$(TARGET_NAME)";
				PROVISIONING_PROFILE = "";
				PROVISIONING_PROFILE_SPECIFIER = "";
				SWIFT_OBJC_BRIDGING_HEADER = "pholio01/pholio01-Bridging-Header.h";
				SWIFT_VERSION = 4.2;
				TARGETED_DEVICE_FAMILY = 1;
			};
			name = Release;
		};
/* End XCBuildConfiguration section */

/* Begin XCConfigurationList section */
		2A31E1D7207BC769006CFF24 /* Build configuration list for PBXProject "pholio01" */ = {
			isa = XCConfigurationList;
			buildConfigurations = (
				2A31E1EC207BC76A006CFF24 /* Debug */,
				2A31E1ED207BC76A006CFF24 /* Release */,
			);
			defaultConfigurationIsVisible = 0;
			defaultConfigurationName = Release;
		};
		2A31E1EE207BC76A006CFF24 /* Build configuration list for PBXNativeTarget "pholio01" */ = {
			isa = XCConfigurationList;
			buildConfigurations = (
				2A31E1EF207BC76A006CFF24 /* Debug */,
				2A31E1F0207BC76A006CFF24 /* Release */,
			);
			defaultConfigurationIsVisible = 0;
			defaultConfigurationName = Release;
		};
/* End XCConfigurationList section */
	};
	rootObject = 2A31E1D4207BC769006CFF24 /* Project object */;
}
